
Microsoft Visual Studio Solution File, Format Version 12.00
# Visual Studio Version 16
VisualStudioVersion = 16.0.31605.320
MinimumVisualStudioVersion = 10.0.40219.1
Project("{FAE04EC0-301F-11D3-BF4B-00C04F79EFBC}") = "EjercicioXI", "EjercicioXI\EjercicioXI.csproj", "{5028D32D-4180-4F93-A768-C10F3CA076D9}"
EndProject
Global
	GlobalSection(SolutionConfigurationPlatforms) = preSolution
		Debug|Any CPU = Debug|Any CPU
		Release|Any CPU = Release|Any CPU
	EndGlobalSection
	GlobalSection(ProjectConfigurationPlatforms) = postSolution
		{5028D32D-4180-4F93-A768-C10F3CA076D9}.Debug|Any CPU.ActiveCfg = Debug|Any CPU
		{5028D32D-4180-4F93-A768-C10F3CA076D9}.Debug|Any CPU.Build.0 = Debug|Any CPU
		{5028D32D-4180-4F93-A768-C10F3CA076D9}.Release|Any CPU.ActiveCfg = Release|Any CPU
		{5028D32D-4180-4F93-A768-C10F3CA076D9}.Release|Any CPU.Build.0 = Release|Any CPU
	EndGlobalSection
	GlobalSection(SolutionProperties) = preSolution
		HideSolutionNode = FALSE
	EndGlobalSection
	GlobalSection(ExtensibilityGlobals) = postSolution
		SolutionGuid = {84A663AA-12D4-430C-BDFA-F0B8477C56FE}
	EndGlobalSection
EndGlobal
